
Microsoft Visual Studio Solution File, Format Version 12.00
# Visual Studio Version 16
VisualStudioVersion = 16.0.32929.386
MinimumVisualStudioVersion = 10.0.40219.1
Project("{FAE04EC0-301F-11D3-BF4B-00C04F79EFBC}") = "제곱수", "제곱수\제곱수.csproj", "{B20CB9A8-8F2D-4060-B282-62526331791E}"
EndProject
Global
	GlobalSection(SolutionConfigurationPlatforms) = preSolution
		Debug|Any CPU = Debug|Any CPU
		Release|Any CPU = Release|Any CPU
	EndGlobalSection
	GlobalSection(ProjectConfigurationPlatforms) = postSolution
		{B20CB9A8-8F2D-4060-B282-62526331791E}.Debug|Any CPU.ActiveCfg = Debug|Any CPU
		{B20CB9A8-8F2D-4060-B282-62526331791E}.Debug|Any CPU.Build.0 = Debug|Any CPU
		{B20CB9A8-8F2D-4060-B282-62526331791E}.Release|Any CPU.ActiveCfg = Release|Any CPU
		{B20CB9A8-8F2D-4060-B282-62526331791E}.Release|Any CPU.Build.0 = Release|Any CPU
	EndGlobalSection
	GlobalSection(SolutionProperties) = preSolution
		HideSolutionNode = FALSE
	EndGlobalSection
	GlobalSection(ExtensibilityGlobals) = postSolution
		SolutionGuid = {466B2FEB-C941-483F-9E75-175F4C12A0D4}
	EndGlobalSection
EndGlobal
